
Microsoft Visual Studio Solution File, Format Version 12.00
# Visual Studio Version 17
VisualStudioVersion = 17.2.32519.379
MinimumVisualStudioVersion = 10.0.40219.1
Project("{2150E333-8FDC-42A3-9474-1A3956D46DE8}") = "Services", "Services", "{CD6D5834-8B51-488A-BD9C-03E0D881AAFE}"
EndProject
Project("{2150E333-8FDC-42A3-9474-1A3956D46DE8}") = "BLL", "BLL", "{227EA3BE-2801-4426-89AE-D6D474F045F2}"
EndProject
Project("{2150E333-8FDC-42A3-9474-1A3956D46DE8}") = "DAL", "DAL", "{4A416056-6826-4F63-89BF-19EC7700DE03}"
EndProject
Project("{2150E333-8FDC-42A3-9474-1A3956D46DE8}") = "API", "API", "{31FE3176-5018-4173-B48D-9E3D5256BE41}"
EndProject
Project("{9A19103F-16F7-4668-BE54-9A1E7A4F7556}") = "RYSE.STOREONLINE.API", "RYSE.STOREONLINE.API\RYSE.STOREONLINE.API.csproj", "{915F2457-3B18-4CD8-85EB-859C421F7B83}"
EndProject
Project("{9A19103F-16F7-4668-BE54-9A1E7A4F7556}") = "RYSE.STOREONLINE.SERVICE", "RYSE.STOREONLINE.BBL\RYSE.STOREONLINE.SERVICE.csproj", "{61E793B1-ECFE-4F0A-A4F9-D8DA993EEE37}"
EndProject
Project("{9A19103F-16F7-4668-BE54-9A1E7A4F7556}") = "RYSE.STOREONLINE.DAL", "RYSE.STOREONLINE.DAL\RYSE.STOREONLINE.DAL.csproj", "{0FB1CA8A-246F-4538-B12C-796FCC007D50}"
EndProject
Project("{9A19103F-16F7-4668-BE54-9A1E7A4F7556}") = "RYSE.STOREONLINE.SERVICES", "RYSE.STOREONLINE.SERVICES\RYSE.STOREONLINE.SERVICES.csproj", "{E31F06E4-48ED-41C0-8B7C-55F1E8E5CC77}"
EndProject
Project("{2150E333-8FDC-42A3-9474-1A3956D46DE8}") = "PRESENTATION", "PRESENTATION", "{1FD46996-66F8-4AEB-B0D3-203AC095078D}"
EndProject
Project("{9A19103F-16F7-4668-BE54-9A1E7A4F7556}") = "RYSE.WEB", "RYSE.WEB\RYSE.WEB.csproj", "{6EBCD43A-B432-4E67-B94B-4DA11D2894FC}"
EndProject
Project("{2150E333-8FDC-42A3-9474-1A3956D46DE8}") = "Services", "Services", "{E0704717-0927-49DE-B93B-A9EAA05A17D4}"
EndProject
Project("{2150E333-8FDC-42A3-9474-1A3956D46DE8}") = "Interfaces", "Interfaces", "{A2515FA1-AE8C-4A91-B3BA-29B8B6515D32}"
EndProject
Global
	GlobalSection(SolutionConfigurationPlatforms) = preSolution
		Debug|Any CPU = Debug|Any CPU
		Release|Any CPU = Release|Any CPU
	EndGlobalSection
	GlobalSection(ProjectConfigurationPlatforms) = postSolution
		{915F2457-3B18-4CD8-85EB-859C421F7B83}.Debug|Any CPU.ActiveCfg = Debug|Any CPU
		{915F2457-3B18-4CD8-85EB-859C421F7B83}.Debug|Any CPU.Build.0 = Debug|Any CPU
		{915F2457-3B18-4CD8-85EB-859C421F7B83}.Release|Any CPU.ActiveCfg = Release|Any CPU
		{915F2457-3B18-4CD8-85EB-859C421F7B83}.Release|Any CPU.Build.0 = Release|Any CPU
		{61E793B1-ECFE-4F0A-A4F9-D8DA993EEE37}.Debug|Any CPU.ActiveCfg = Debug|Any CPU
		{61E793B1-ECFE-4F0A-A4F9-D8DA993EEE37}.Debug|Any CPU.Build.0 = Debug|Any CPU
		{61E793B1-ECFE-4F0A-A4F9-D8DA993EEE37}.Release|Any CPU.ActiveCfg = Release|Any CPU
		{61E793B1-ECFE-4F0A-A4F9-D8DA993EEE37}.Release|Any CPU.Build.0 = Release|Any CPU
		{0FB1CA8A-246F-4538-B12C-796FCC007D50}.Debug|Any CPU.ActiveCfg = Debug|Any CPU
		{0FB1CA8A-246F-4538-B12C-796FCC007D50}.Debug|Any CPU.Build.0 = Debug|Any CPU
		{0FB1CA8A-246F-4538-B12C-796FCC007D50}.Release|Any CPU.ActiveCfg = Release|Any CPU
		{0FB1CA8A-246F-4538-B12C-796FCC007D50}.Release|Any CPU.Build.0 = Release|Any CPU
		{E31F06E4-48ED-41C0-8B7C-55F1E8E5CC77}.Debug|Any CPU.ActiveCfg = Debug|Any CPU
		{E31F06E4-48ED-41C0-8B7C-55F1E8E5CC77}.Debug|Any CPU.Build.0 = Debug|Any CPU
		{E31F06E4-48ED-41C0-8B7C-55F1E8E5CC77}.Release|Any CPU.ActiveCfg = Release|Any CPU
		{E31F06E4-48ED-41C0-8B7C-55F1E8E5CC77}.Release|Any CPU.Build.0 = Release|Any CPU
		{6EBCD43A-B432-4E67-B94B-4DA11D2894FC}.Debug|Any CPU.ActiveCfg = Debug|Any CPU
		{6EBCD43A-B432-4E67-B94B-4DA11D2894FC}.Debug|Any CPU.Build.0 = Debug|Any CPU
		{6EBCD43A-B432-4E67-B94B-4DA11D2894FC}.Release|Any CPU.ActiveCfg = Release|Any CPU
		{6EBCD43A-B432-4E67-B94B-4DA11D2894FC}.Release|Any CPU.Build.0 = Release|Any CPU
	EndGlobalSection
	GlobalSection(SolutionProperties) = preSolution
		HideSolutionNode = FALSE
	EndGlobalSection
	GlobalSection(NestedProjects) = preSolution
		{915F2457-3B18-4CD8-85EB-859C421F7B83} = {31FE3176-5018-4173-B48D-9E3D5256BE41}
		{61E793B1-ECFE-4F0A-A4F9-D8DA993EEE37} = {227EA3BE-2801-4426-89AE-D6D474F045F2}
		{0FB1CA8A-246F-4538-B12C-796FCC007D50} = {4A416056-6826-4F63-89BF-19EC7700DE03}
		{E31F06E4-48ED-41C0-8B7C-55F1E8E5CC77} = {CD6D5834-8B51-488A-BD9C-03E0D881AAFE}
		{6EBCD43A-B432-4E67-B94B-4DA11D2894FC} = {1FD46996-66F8-4AEB-B0D3-203AC095078D}
		{E0704717-0927-49DE-B93B-A9EAA05A17D4} = {4A416056-6826-4F63-89BF-19EC7700DE03}
		{A2515FA1-AE8C-4A91-B3BA-29B8B6515D32} = {E0704717-0927-49DE-B93B-A9EAA05A17D4}
	EndGlobalSection
	GlobalSection(ExtensibilityGlobals) = postSolution
		SolutionGuid = {DB84F261-5264-4368-929D-D38858EC6C03}
	EndGlobalSection
EndGlobal
